{
  "name": "san",
  "version": "1.0.0",
  "lockfileVersion": 1,
  "requires": true,
  "dependencies": {
    "typescript": {
      "version": "3.8.0-dev.20191112",
      "resolved": "https://registry.npmjs.org/typescript/-/typescript-3.8.0-dev.20191112.tgz",
      "integrity": "sha512-Swh42of9n0+MOvoHW3elRoWw0vmcpVjf3YCjJeOwr44/C7DnCzCNWRL+CfB52YfidmQEX0QJ32cewg9nCNXEgA=="
    }
  }
}
